{
  "version": "3",
  "remote": {
    "https://esm.sh/preact-iso@2.6.3?deps=preact-render-to-string@6.5.9,preact@10.23.2": "920fca697c87f4dce047172dfad63702d07a293c0170bd1b2d2a922b1c88d26e",
    "https://esm.sh/preact@10.23.2": "fd82d79b57f929b5e3c3666feeafd428ef621da3ed5f28845da745f7cb6a3112",
    "https://esm.sh/preact@10.23.2/hooks": "26ee4d3f67974761eaf32aa3cb571717e91276ceaaa8232af0f917c9b3a05d2f",
    "https://esm.sh/preact@10.23.2/jsx-runtime": "e6d6770bebac50979b9838fecdbdcf6cecd088d62f03061266200cc8d6150768",
    "https://esm.sh/stable/preact@10.23.2/denonext/hooks.js": "94de19f71bb7bf4e9aacd9fae0da1b83b73784ee30401af4d7f79be75050abeb",
    "https://esm.sh/stable/preact@10.23.2/denonext/jsx-runtime.js": "2ac066a6e52c15366c84819e25c38650288348ec3d725f5567373633ac8965ef",
    "https://esm.sh/stable/preact@10.23.2/denonext/preact.mjs": "298640f954324ed4a6cf4a2ae54ac91f651294e105f1fc0f6f5605f74db9e571",
    "https://esm.sh/v135/preact-iso@2.6.3/X-ZC9wcmVhY3QtcmVuZGVyLXRvLXN0cmluZ0A2LjUuOSxwcmVhY3RAMTAuMjMuMg/denonext/hydrate.js": "f6af08c910f40cb91fc5afa456188ac47f71264e0781fcc5115144a803ee191d",
    "https://esm.sh/v135/preact-iso@2.6.3/X-ZC9wcmVhY3QtcmVuZGVyLXRvLXN0cmluZ0A2LjUuOSxwcmVhY3RAMTAuMjMuMg/denonext/lazy.js": "b1fa1607824c5bb16db6359bc7f76bc7c82259fbcf1df770b74cab828392b693",
    "https://esm.sh/v135/preact-iso@2.6.3/X-ZC9wcmVhY3QtcmVuZGVyLXRvLXN0cmluZ0A2LjUuOSxwcmVhY3RAMTAuMjMuMg/denonext/preact-iso.mjs": "3d6f55c53448728ae8a050b6a42197cf784ad85a163987c66ffcb89c40e9898b",
    "https://esm.sh/v135/preact-iso@2.6.3/X-ZC9wcmVhY3QtcmVuZGVyLXRvLXN0cmluZ0A2LjUuOSxwcmVhY3RAMTAuMjMuMg/denonext/prerender.js": "a81b4068308bf3717c7b61cffd3ba18ab819af991f8adde8aef190438f9b0dde",
    "https://esm.sh/v135/preact-iso@2.6.3/X-ZC9wcmVhY3QtcmVuZGVyLXRvLXN0cmluZ0A2LjUuOSxwcmVhY3RAMTAuMjMuMg/denonext/router.js": "a7b8de7ba2406c780fbd953dece62e7f7ec3ffd4cc780543fc264c5dc1cb6495",
    "https://esm.sh/v135/preact-render-to-string@6.5.9/denonext/preact-render-to-string.mjs": "8106e9297af9587525fa4a7ad119a7c51e03a63729359f2f9ff0fb685ae3e2de"
  },
  "workspace": {
    "dependencies": [
      "jsr:@luca/esbuild-deno-loader",
      "jsr:@std/assert@1",
      "jsr:@std/dotenv@^0.225.1",
      "jsr:@std/encoding@^1.0.3",
      "jsr:@std/fmt@^1.0.1",
      "jsr:@std/front-matter@^1.0.4",
      "jsr:@std/fs@^1.0.2",
      "jsr:@std/http@^1.0.4",
      "jsr:@std/io@^0.224.6",
      "jsr:@std/media-types@^1.0.3",
      "jsr:@std/path@^1.0.3",
      "jsr:@std/streams@^1.0.3",
      "npm:tailwindcss@^3.4.1"
    ]
  }
}
